github.com/cespare/xxhash/v2 v2.2.0 h1:DC2CZ1Ep5Y4k3ZQ899DldepgrayRUGE6BBZ/cd9Cj44=
github.com/cespare/xxhash/v2 v2.2.0/go.mod h1:VGX0DQ3Q6kWi7AoAeZDth3/j3BFtOZR5XLFGgcrjCOs=
github.com/clarkmcc/go-reroutine v0.0.0-20220401211337-eeb680e623c1 h1:rtQiHMWYjWYKhG+1zlRtuKJV9yXsWQFxXF0Ed57ll1w=
github.com/clarkmcc/go-reroutine v0.0.0-20220401211337-eeb680e623c1/go.mod h1:nlhV6GCKNWDZDPZFwbdvmVvWTUmbDKqFcjwOdnxXvH4=
github.com/dgryski/go-rendezvous v0.0.0-20200823014737-9f7001d12a5f h1:lO4WD4F/rVNCu3HqELle0jiPLLBs70cWOduZpkS1E78=
github.com/dgryski/go-rendezvous v0.0.0-20200823014737-9f7001d12a5f/go.mod h1:cuUVRXasLTGF7a8hSLbxyZXjz+1KgoB3wDUb6vlszIc=
github.com/gtuk/discordwebhook v1.2.0 h1:7+gWPKSGyXjopu/6X9+oGbn0knTkDVXUM909+IXGZ/U=
github.com/gtuk/discordwebhook v1.2.0/go.mod h1:U3LdXNJ1e0bx3MMe2a4mB1VBantPHOPly2jNd8ZWXec=
github.com/joho/godotenv v1.5.1 h1:7eLL/+HRGLY0ldzfGMeQkb7vMd0as4CfYvUVzLqw0N0=
github.com/joho/godotenv v1.5.1/go.mod h1:f4LDr5Voq0i2e/R5DDNOoa2zzDfwtkZa6DnEwAbqwq4=
github.com/redis/go-redis/v9 v9.7.0 h1:HhLSs+B6O021gwzl+locl0zEDnyNkxMtf/Z3NNBMa9E=
github.com/redis/go-redis/v9 v9.7.0/go.mod h1:f6zhXITC7JUJIlPEiBOTXxJgPLdZcA93GewI7inzyWw=
github.com/shopspring/decimal v1.4.0 h1:bxl37RwXBklmTi0C79JfXCEBD1cqqHt0bbgBAGFp81k=
github.com/shopspring/decimal v1.4.0/go.mod h1:gawqmDU56v4yIKSwfBSFip1HdCCXN8/+DMd9qYNcwME=
github.com/steebchen/prisma-client-go v0.44.0 h1:1p35CHnWmKDXHEJV5+nPfh+k8Nq/KzzUBkPWHTJsotw=
github.com/steebchen/prisma-client-go v0.44.0/go.mod h1:FjDTO7dSYb7GCTnvnoIEFYDJGfD2rQ1h56ukDurbt1E=
go.mongodb.org/mongo-driver/v2 v2.0.0-beta2 h1:PRtbRKwblE8ZfI8qOhofcjn9y8CmKZI7trS5vDMeJX0=
go.mongodb.org/mongo-driver/v2 v2.0.0-beta2/go.mod h1:UGLb3ZgEzaY0cCbJpH9UFt9B6gEXiTPzsnJS38nBeoU=
